schema: '2.0'
stages:
  dry_run:
    cmd: python eval/scripts/run_dry_run.py
    deps:
    - path: eval/scripts/run_dry_run.py
      hash: md5
      md5: efcf4692273c860bde7220743d6ccfe9
      size: 12722
    outs:
    - path: eval/metrics/dry_run_metrics.json
      hash: md5
      md5: 5293569474647e6f10072da180306ce0
      size: 844
    - path: eval/plots/dry_run_curves.csv
      hash: md5
      md5: 91a05669b9be0ec3372d256aa9dcb584
      size: 638
  eval_swebench_cl:
    cmd: python eval/benchmarks/swebench_cl_runner.py --limit 30 --max-turns 50 
      --max-tokens 4096 --max-cost 0.1 --model qwen/qwen3.7-flash
    deps:
    - path: .dvc-viewer/hashes/eval_swebench_cl.hash
      hash: md5
      md5: bf3f7b30c3878c5668fe45d29b493ddb
      size: 64
    - path: eval/benchmarks/swebench_cl_runner.py
      hash: md5
      md5: c2beacd74cb6e1a149120db2ce738f87
      size: 54471
    params:
      params.yaml:
        eval.limit: 30
        eval.max_cost_per_instance_usd: 0.1
        eval.max_tokens: 4096
        eval.max_turns: 50
        eval.model: qwen/qwen3.7-flash
    outs:
    - path: eval/metrics/swebench_cl_metrics.json
      hash: md5
      md5: 567e4ef39da93483558a7a6bedf6f01d
      size: 1363
    - path: eval/metrics/swebench_cl_tool_interactions.jsonl
      hash: md5
      md5: 05a34439662c41e83176b6bade68bfa6
      size: 640857
    - path: eval/plots/swebench_cl_curves.csv
      hash: md5
      md5: 18362773b3e39c00ceea00c5e6a98528
      size: 3467
  eval_devbench:
    cmd: python eval/benchmarks/devbench_runner.py --limit 30 --max-turns 50 
      --max-tokens 4096 --max-cost 0.1 --model qwen/qwen3.7-flash
    deps:
    - path: .dvc-viewer/hashes/eval_devbench.hash
      hash: md5
      md5: 7c3c01191714f199ce001e22d1941bc7
      size: 64
    - path: eval/benchmarks/devbench_runner.py
      hash: md5
      md5: 589d3c662111ee7f3b98a48c8cd087d1
      size: 52810
    params:
      params.yaml:
        eval.limit: 30
        eval.max_cost_per_instance_usd: 0.1
        eval.max_tokens: 4096
        eval.max_turns: 50
        eval.model: qwen/qwen3.7-flash
    outs:
    - path: eval/metrics/devbench_metrics.json
      hash: md5
      md5: a5be8492c26053d6e25ff74f83d52145
      size: 790142
    - path: eval/metrics/devbench_tool_interactions.jsonl
      hash: md5
      md5: ef2819472d8e23316c52360a078f0be6
      size: 625885
    - path: eval/plots/devbench_curves.csv
      hash: md5
      md5: 906e4486134d6ab13ed4ba6d833630ed
      size: 2549
  eval_intercode:
    cmd: python eval/benchmarks/intercode_runner.py --limit 10
    deps:
    - path: eval/benchmarks/intercode_runner.py
      hash: md5
      md5: 099e614e55feb625626059c137a7c46d
      size: 39060
    params:
      params.yaml:
        eval.limit: 10
    outs:
    - path: eval/metrics/intercode_metrics.json
      hash: md5
      md5: 449621bfad9891e04c08ca027a72f804
      size: 605
    - path: eval/plots/intercode_curves.csv
      hash: md5
      md5: bcce71665776bccbb7927171755a4564
      size: 336
  eval:
    cmd: python eval/scripts/aggregate_metrics.py
    deps:
    - path: .dvc-viewer/hashes/eval.hash
      hash: md5
      md5: 3c953d6b6fe2237f3504c43f8cb5fcd2
      size: 64
    - path: eval/metrics/devbench_metrics.json
      hash: md5
      md5: 58abfd0f9bc4fa06c2a278a15c35b91a
      size: 20140
    - path: eval/metrics/swebench_cl_metrics.json
      hash: md5
      md5: 9f7ac013a46ff51156935e532fca267b
      size: 694
    - path: eval/scripts/aggregate_metrics.py
      hash: md5
      md5: a378bee9fe04b3a187d4dd604fc096dc
      size: 452
    outs:
    - path: eval/metrics/summary_metrics.json
      hash: md5
      md5: af04e2af674e18555b27ce0c9efa75f7
      size: 2787
    - path: eval/plots/comparative_summary.csv
      hash: md5
      md5: ce438f2aac21a9c983965be0dc5fae3a
      size: 511
  dvc-code-analysis:
    cmd: bash .dvc-viewer/bootstrap.sh && dvc-viewer hash
    outs:
    - path: .dvc-viewer/hashes
      hash: md5
      md5: d45ef3d50f9427c616a3bab533e38855.dir
      size: 3568
      nfiles: 20
  aggregate_metrics:
    cmd: python eval/scripts/aggregate_metrics.py
    deps:
    - path: .dvc-viewer/hashes/aggregate_metrics.hash
      hash: md5
      md5: cb8a0d20d0c691a619179b2de791aee9
      size: 64
    - path: eval/metrics/devbench_aivc_metrics.json
      hash: md5
      md5: 424b0ac7a5940a96d2d39b765e1f1adc
      size: 261281
    - path: eval/metrics/devbench_baseline_metrics.json
      hash: md5
      md5: 7cfcbe880dbfb135c4c82f72c63e0b58
      size: 173057
    - path: eval/metrics/swebench_cl_aivc_metrics.json
      hash: md5
      md5: 9712a9a88a4f0e76b9b9bdb03c4a580b
      size: 1308
    - path: eval/metrics/swebench_cl_baseline_metrics.json
      hash: md5
      md5: 0cfb1444487d745fb81e9faba6e394fb
      size: 1212
    - path: eval/scripts/aggregate_metrics.py
      hash: md5
      md5: c8ea761d24f65520859488aebd0b5455
      size: 2273
    outs:
    - path: eval/metrics/summary_metrics.json
      hash: md5
      md5: 2368464bb1935246b4d5283147ab5880
      size: 19059
    - path: eval/metrics/tool_interactions.jsonl
      hash: md5
      md5: 7da0a26715ebdabf100072bb96185460
      size: 844418
    - path: eval/plots/comparative_summary.csv
      hash: md5
      md5: ce2d8288f01588c31610a9800eda58a5
      size: 2658
  prep_devbench:
    cmd: python eval/scripts/prep_benchmark.py --benchmark devbench
    deps:
    - path: .dvc-viewer/hashes/prep_devbench.hash
      hash: md5
      md5: 4c04453ab4eaf787aa3c200f842caca9
      size: 64
    - path: eval/scripts/prep_benchmark.py
      hash: md5
      md5: ebcc26dc2ff7ee54bf41dac0b7a7060f
      size: 5145
    outs:
    - path: eval/setup/devbench_ready.flag
      hash: md5
      md5: 9dc1f0c5591da9995b70b14fdeee618c
      size: 212
  prep_swebench_cl:
    cmd: python eval/scripts/prep_benchmark.py --benchmark swebench_cl
    deps:
    - path: .dvc-viewer/hashes/prep_swebench_cl.hash
      hash: md5
      md5: 4c04453ab4eaf787aa3c200f842caca9
      size: 64
    - path: eval/scripts/prep_benchmark.py
      hash: md5
      md5: ebcc26dc2ff7ee54bf41dac0b7a7060f
      size: 5145
    outs:
    - path: eval/setup/swebench_cl_ready.flag
      hash: md5
      md5: 18e6719ec196cdd50c3d8cb906c57afe
      size: 237
  eval_devbench_aivc:
    cmd: python eval/benchmarks/devbench_runner.py --limit 15 --max-turns 50 
      --max-tokens 4096 --max-cost 0.1 --arm aivc --metrics-path 
      eval/metrics/devbench_aivc_metrics.json --plots-path 
      eval/plots/devbench_aivc_curves.csv --checkpoint-path 
      eval/checkpoints/devbench_aivc_checkpoint.jsonl
    deps:
    - path: .dvc-viewer/hashes/eval_devbench_aivc.hash
      hash: md5
      md5: 507a53772289a6672a85357e39e74f9f
      size: 64
    - path: eval/benchmarks/devbench_runner.py
      hash: md5
      md5: 7aa5faafea2b7990604eab6d632a09ea
      size: 66380
    - path: eval/setup/devbench_ready.flag
      hash: md5
      md5: 9dc1f0c5591da9995b70b14fdeee618c
      size: 212
    params:
      params.yaml:
        eval.limit: 15
        eval.max_cost_per_instance_usd: 0.1
        eval.max_tokens: 4096
        eval.max_turns: 50
    outs:
    - path: eval/metrics/devbench_aivc_metrics.json
      hash: md5
      md5: 424b0ac7a5940a96d2d39b765e1f1adc
      size: 261281
    - path: eval/metrics/devbench_aivc_tool_interactions.jsonl
      hash: md5
      md5: 0cac93a04da0075131292e77db48a65e
      size: 182960
    - path: eval/plots/devbench_aivc_curves.csv
      hash: md5
      md5: 70d609e2233658bbd0470bac6d862154
      size: 1976
  eval_devbench_baseline:
    cmd: python eval/benchmarks/devbench_runner.py --limit 15 --max-turns 50 
      --max-tokens 4096 --max-cost 0.1 --arm baseline --metrics-path 
      eval/metrics/devbench_baseline_metrics.json --plots-path 
      eval/plots/devbench_baseline_curves.csv --checkpoint-path 
      eval/checkpoints/devbench_baseline_checkpoint.jsonl
    deps:
    - path: .dvc-viewer/hashes/eval_devbench_baseline.hash
      hash: md5
      md5: 507a53772289a6672a85357e39e74f9f
      size: 64
    - path: eval/benchmarks/devbench_runner.py
      hash: md5
      md5: 7aa5faafea2b7990604eab6d632a09ea
      size: 66380
    - path: eval/setup/devbench_ready.flag
      hash: md5
      md5: 9dc1f0c5591da9995b70b14fdeee618c
      size: 212
    params:
      params.yaml:
        eval.limit: 15
        eval.max_cost_per_instance_usd: 0.1
        eval.max_tokens: 4096
        eval.max_turns: 50
    outs:
    - path: eval/metrics/devbench_baseline_metrics.json
      hash: md5
      md5: 7cfcbe880dbfb135c4c82f72c63e0b58
      size: 173057
    - path: eval/metrics/devbench_baseline_tool_interactions.jsonl
      hash: md5
      md5: ffe5c2ec8cbc60837fbf64b1ecfcb578
      size: 118062
    - path: eval/plots/devbench_baseline_curves.csv
      hash: md5
      md5: 02291dabd2d5456d99ef42bce1d8ed9e
      size: 1957
  eval_swebench_cl_aivc:
    cmd: python eval/benchmarks/swebench_cl_runner.py --limit 15 --max-turns 50 
      --max-tokens 4096 --max-cost 0.1 --arm aivc --metrics-file 
      eval/metrics/swebench_cl_aivc_metrics.json --curves-file 
      eval/plots/swebench_cl_aivc_curves.csv --checkpoint-file 
      eval/checkpoints/swebench_cl_aivc_checkpoint.jsonl
    deps:
    - path: .dvc-viewer/hashes/eval_swebench_cl_aivc.hash
      hash: md5
      md5: 37795f5babc187c320a79d5eefd6a14e
      size: 64
    - path: eval/benchmarks/swebench_cl_runner.py
      hash: md5
      md5: 6fb972352ab83b74ba80bac7aced62ed
      size: 69565
    - path: eval/setup/swebench_cl_ready.flag
      hash: md5
      md5: 18e6719ec196cdd50c3d8cb906c57afe
      size: 237
    params:
      params.yaml:
        eval.limit: 15
        eval.max_cost_per_instance_usd: 0.1
        eval.max_tokens: 4096
        eval.max_turns: 50
    outs:
    - path: eval/metrics/swebench_cl_aivc_metrics.json
      hash: md5
      md5: 9712a9a88a4f0e76b9b9bdb03c4a580b
      size: 1308
    - path: eval/metrics/swebench_cl_aivc_tool_interactions.jsonl
      hash: md5
      md5: 6f08d6447f96771b168ad80da06be338
      size: 140743
    - path: eval/plots/swebench_cl_aivc_curves.csv
      hash: md5
      md5: 15cd0418e12805451fdaa17e1d4a9747
      size: 1822
  eval_swebench_cl_baseline:
    cmd: python eval/benchmarks/swebench_cl_runner.py --limit 15 --max-turns 50 
      --max-tokens 4096 --max-cost 0.1 --arm baseline --metrics-file 
      eval/metrics/swebench_cl_baseline_metrics.json --curves-file 
      eval/plots/swebench_cl_baseline_curves.csv --checkpoint-file 
      eval/checkpoints/swebench_cl_baseline_checkpoint.jsonl
    deps:
    - path: .dvc-viewer/hashes/eval_swebench_cl_baseline.hash
      hash: md5
      md5: 37795f5babc187c320a79d5eefd6a14e
      size: 64
    - path: eval/benchmarks/swebench_cl_runner.py
      hash: md5
      md5: 6fb972352ab83b74ba80bac7aced62ed
      size: 69565
    - path: eval/setup/swebench_cl_ready.flag
      hash: md5
      md5: 18e6719ec196cdd50c3d8cb906c57afe
      size: 237
    params:
      params.yaml:
        eval.limit: 15
        eval.max_cost_per_instance_usd: 0.1
        eval.max_tokens: 4096
        eval.max_turns: 50
    outs:
    - path: eval/metrics/swebench_cl_baseline_metrics.json
      hash: md5
      md5: 0cfb1444487d745fb81e9faba6e394fb
      size: 1212
    - path: eval/metrics/swebench_cl_baseline_tool_interactions.jsonl
      hash: md5
      md5: f5711ed6b989e560861ad335bb10c59c
      size: 123693
    - path: eval/plots/swebench_cl_baseline_curves.csv
      hash: md5
      md5: c4f7ab7454e1796a9b09489a17c472ae
      size: 1891
